<?xml version="1.0" encoding="utf-8"?>
<Project ToolsVersion="4.0" xmlns="http://schemas.microsoft.com/developer/msbuild/2003">
  <ItemGroup>
    <Filter Include="Source Files">
      <UniqueIdentifier>{4FC737F1-C7A5-4376-A066-2A32D752A2FF}</UniqueIdentifier>
      <Extensions>cpp;c;cc;cxx;def;odl;idl;hpj;bat;asm;asmx</Extensions>
    </Filter>
    <Filter Include="Header Files">
      <UniqueIdentifier>{93995380-89BD-4b04-88EB-625FBE52EBFB}</UniqueIdentifier>
      <Extensions>h;hh;hpp;hxx;hm;inl;inc;xsd</Extensions>
    </Filter>
    <Filter Include="Resource Files">
      <UniqueIdentifier>{67DA6AB6-F800-4c08-8B7A-83BB121AAD01}</UniqueIdentifier>
      <Extensions>rc;ico;cur;bmp;dlg;rc2;rct;bin;rgs;gif;jpg;jpeg;jpe;resx;tiff;tif;png;wav;mfcribbon-ms</Extensions>
    </Filter>
  </ItemGroup>
  <ItemGroup>
    <ClInclude Include="ExtractMgr.h">
      <Filter>Header Files</Filter>
    </ClInclude>
    <ClInclude Include="LOGDEF.H">
      <Filter>Header Files</Filter>
    </ClInclude>
    <ClInclude Include="JCSystem.h">
      <Filter>Header Files</Filter>
    </ClInclude>
    <ClInclude Include="CBSystem.h">
      <Filter>Header Files</Filter>
    </ClInclude>
    <ClInclude Include="JCLogger.h">
      <Filter>Header Files</Filter>
    </ClInclude>
    <ClInclude Include="MsgTranslator.h">
      <Filter>Header Files</Filter>
    </ClInclude>
    <ClInclude Include="bettypdef.h">
      <Filter>Header Files</Filter>
    </ClInclude>
    <ClInclude Include="betdef.h">
      <Filter>Header Files</Filter>
    </ClInclude>
    <ClInclude Include="CBSBBet.h">
      <Filter>Header Files</Filter>
    </ClInclude>
    <ClInclude Include="LOGBTDEF.H">
      <Filter>Header Files</Filter>
    </ClInclude>
    <ClInclude Include="sblogdef.h">
      <Filter>Header Files</Filter>
    </ClInclude>
    <ClInclude Include="CBLottery.h">
      <Filter>Header Files</Filter>
    </ClInclude>
    <ClInclude Include="CBPayout.h">
      <Filter>Header Files</Filter>
    </ClInclude>
    <ClInclude Include="CBMsgTranslator.h">
      <Filter>Header Files</Filter>
    </ClInclude>
    <ClInclude Include="Storage.h">
      <Filter>Header Files</Filter>
    </ClInclude>
    <ClInclude Include="CBbet.h">
      <Filter>Header Files</Filter>
    </ClInclude>
    <ClInclude Include="DeSelMap.h">
      <Filter>Header Files</Filter>
    </ClInclude>
    <ClInclude Include="CBEscCash.h">
      <Filter>Header Files</Filter>
    </ClInclude>
    <ClInclude Include="AllCBMsg.h">
      <Filter>Header Files</Filter>
    </ClInclude>
    <ClInclude Include="CBSBBetDetail.h">
      <Filter>Header Files</Filter>
    </ClInclude>
    <ClInclude Include="CBSbcPoolDef.h">
      <Filter>Header Files</Filter>
    </ClInclude>
    <ClInclude Include="CBSBSelBitmap.h">
      <Filter>Header Files</Filter>
    </ClInclude>
    <ClInclude Include="CBSignOff.h">
      <Filter>Header Files</Filter>
    </ClInclude>
    <ClInclude Include="CBSignOn.h">
      <Filter>Header Files</Filter>
    </ClInclude>
    <ClInclude Include="CBStopPay.h">
      <Filter>Header Files</Filter>
    </ClInclude>
    <ClInclude Include="CBSysClose.h">
      <Filter>Header Files</Filter>
    </ClInclude>
    <ClInclude Include="CBTBDep.h">
      <Filter>Header Files</Filter>
    </ClInclude>
    <ClInclude Include="CBTextDB.h">
      <Filter>Header Files</Filter>
    </ClInclude>
    <ClInclude Include="ccgamedatvar.h">
      <Filter>Header Files</Filter>
    </ClInclude>
    <ClInclude Include="ckpdef.h">
      <Filter>Header Files</Filter>
    </ClInclude>
    <ClInclude Include="fcbdef.h">
      <Filter>Header Files</Filter>
    </ClInclude>
    <ClInclude Include="fedef.h">
      <Filter>Header Files</Filter>
    </ClInclude>
    <ClInclude Include="LOGATDEF.H">
      <Filter>Header Files</Filter>
    </ClInclude>
    <ClInclude Include="LOGCOMDEF.H">
      <Filter>Header Files</Filter>
    </ClInclude>
    <ClInclude Include="LOGEFTDEF.H">
      <Filter>Header Files</Filter>
    </ClInclude>
    <ClInclude Include="loghdrdef.h">
      <Filter>Header Files</Filter>
    </ClInclude>
    <ClInclude Include="LOGOTHDEF.H">
      <Filter>Header Files</Filter>
    </ClInclude>
    <ClInclude Include="LOGRDCDEF.H">
      <Filter>Header Files</Filter>
    </ClInclude>
    <ClInclude Include="LOGSBCDEF.H">
      <Filter>Header Files</Filter>
    </ClInclude>
    <ClInclude Include="lotdef.h">
      <Filter>Header Files</Filter>
    </ClInclude>
    <ClInclude Include="ltwlogdef.h">
      <Filter>Header Files</Filter>
    </ClInclude>
    <ClInclude Include="main.h">
      <Filter>Header Files</Filter>
    </ClInclude>
    <ClInclude Include="rdclogdef.h">
      <Filter>Header Files</Filter>
    </ClInclude>
    <ClInclude Include="rdsdef.h">
      <Filter>Header Files</Filter>
    </ClInclude>
    <ClInclude Include="sbdef.h">
      <Filter>Header Files</Filter>
    </ClInclude>
    <ClInclude Include="Terminal.h">
      <Filter>Header Files</Filter>
    </ClInclude>
    <ClInclude Include="TextDB.h">
      <Filter>Header Files</Filter>
    </ClInclude>
    <ClInclude Include="udtypedef.h">
      <Filter>Header Files</Filter>
    </ClInclude>
    <ClInclude Include="bcsdef.h">
      <Filter>Header Files</Filter>
    </ClInclude>
    <ClInclude Include="bstypedef.h">
      <Filter>Header Files</Filter>
    </ClInclude>
    <ClInclude Include="CBCancel.h">
      <Filter>Header Files</Filter>
    </ClInclude>
    <ClInclude Include="CBCashIn.h">
      <Filter>Header Files</Filter>
    </ClInclude>
    <ClInclude Include="CBCashOut.h">
      <Filter>Header Files</Filter>
    </ClInclude>
    <ClInclude Include="CBCV.H">
      <Filter>Header Files</Filter>
    </ClInclude>
    <ClInclude Include="CBCVCash.h">
      <Filter>Header Files</Filter>
    </ClInclude>
    <ClInclude Include="CBCVIssue.h">
      <Filter>Header Files</Filter>
    </ClInclude>
    <ClInclude Include="cbdef.h">
      <Filter>Header Files</Filter>
    </ClInclude>
    <ClInclude Include="CBDep.h">
      <Filter>Header Files</Filter>
    </ClInclude>
    <ClInclude Include="CBEftBal.h">
      <Filter>Header Files</Filter>
    </ClInclude>
    <ClInclude Include="CBEftCV.h">
      <Filter>Header Files</Filter>
    </ClInclude>
    <ClInclude Include="CBEftDep.h">
      <Filter>Header Files</Filter>
    </ClInclude>
    <ClInclude Include="CBEftErr.h">
      <Filter>Header Files</Filter>
    </ClInclude>
    <ClInclude Include="CBEftFund.h">
      <Filter>Header Files</Filter>
    </ClInclude>
    <ClInclude Include="CBEftSts.h">
      <Filter>Header Files</Filter>
    </ClInclude>
    <ClInclude Include="CBEftWith.h">
      <Filter>Header Files</Filter>
    </ClInclude>
    <ClInclude Include="CBLogger.h">
      <Filter>Header Files</Filter>
    </ClInclude>
    <ClInclude Include="CBMsgDef.h">
      <Filter>Header Files</Filter>
    </ClInclude>
    <ClInclude Include="cbpardef.h">
      <Filter>Header Files</Filter>
    </ClInclude>
    <ClInclude Include="CBPoolStartPay.h">
      <Filter>Header Files</Filter>
    </ClInclude>
    <ClInclude Include="CBrdt.h">
      <Filter>Header Files</Filter>
    </ClInclude>
    <ClInclude Include="CBRelease.h">
      <Filter>Header Files</Filter>
    </ClInclude>
    <ClInclude Include="SBLOGATDEF.H">
      <Filter>Header Files</Filter>
    </ClInclude>
    <ClInclude Include="CBExtraData.h">
      <Filter>Header Files</Filter>
    </ClInclude>
    <ClInclude Include="commdef.h">
      <Filter>Header Files</Filter>
    </ClInclude>
    <ClInclude Include="resource.h">
      <Filter>Header Files</Filter>
    </ClInclude>
  </ItemGroup>
  <ItemGroup>
    <ClCompile Include="DllCBExport.cpp">
      <Filter>Source Files</Filter>
    </ClCompile>
    <ClCompile Include="ExtractMgr.cpp">
      <Filter>Source Files</Filter>
    </ClCompile>
    <ClCompile Include="CBSystem.cpp">
      <Filter>Source Files</Filter>
    </ClCompile>
    <ClCompile Include="JCSystem.cpp">
      <Filter>Source Files</Filter>
    </ClCompile>
    <ClCompile Include="JCLogger.cpp">
      <Filter>Source Files</Filter>
    </ClCompile>
    <ClCompile Include="CBMsgTranslator.cpp">
      <Filter>Source Files</Filter>
    </ClCompile>
    <ClCompile Include="CBBet.cpp">
      <Filter>Source Files</Filter>
    </ClCompile>
    <ClCompile Include="CBLottery.cpp">
      <Filter>Source Files</Filter>
    </ClCompile>
    <ClCompile Include="CBSBBet.cpp">
      <Filter>Source Files</Filter>
    </ClCompile>
    <ClCompile Include="CBSBBetDetail.cpp">
      <Filter>Source Files</Filter>
    </ClCompile>
    <ClCompile Include="CBSBSelBitmap.cpp">
      <Filter>Source Files</Filter>
    </ClCompile>
    <ClCompile Include="CBEscCash.cpp">
      <Filter>Source Files</Filter>
    </ClCompile>
    <ClCompile Include="DeSelMap.cpp">
      <Filter>Source Files</Filter>
    </ClCompile>
    <ClCompile Include="CBPoolStartPay.cpp">
      <Filter>Source Files</Filter>
    </ClCompile>
    <ClCompile Include="CBPayout.cpp">
      <Filter>Source Files</Filter>
    </ClCompile>
    <ClCompile Include="CBCVCash.cpp">
      <Filter>Source Files</Filter>
    </ClCompile>
    <ClCompile Include="CBCancel.cpp">
      <Filter>Source Files</Filter>
    </ClCompile>
    <ClCompile Include="CBCVIssue.cpp">
      <Filter>Source Files</Filter>
    </ClCompile>
    <ClCompile Include="Storage.cpp">
      <Filter>Source Files</Filter>
    </ClCompile>
    <ClCompile Include="CBTextDB.Cpp">
      <Filter>Source Files</Filter>
    </ClCompile>
    <ClCompile Include="CBSbcPoolDef.cpp">
      <Filter>Source Files</Filter>
    </ClCompile>
    <ClCompile Include="CBSignOff.cpp">
      <Filter>Source Files</Filter>
    </ClCompile>
    <ClCompile Include="CBSignOn.cpp">
      <Filter>Source Files</Filter>
    </ClCompile>
    <ClCompile Include="CBStopPay.cpp">
      <Filter>Source Files</Filter>
    </ClCompile>
    <ClCompile Include="CBSysClose.cpp">
      <Filter>Source Files</Filter>
    </ClCompile>
    <ClCompile Include="CBTBDep.cpp">
      <Filter>Source Files</Filter>
    </ClCompile>
    <ClCompile Include="MsgTranslator.cpp">
      <Filter>Source Files</Filter>
    </ClCompile>
    <ClCompile Include="Terminal.cpp">
      <Filter>Source Files</Filter>
    </ClCompile>
    <ClCompile Include="TextDB.cpp">
      <Filter>Source Files</Filter>
    </ClCompile>
    <ClCompile Include="CBCashIn.cpp">
      <Filter>Source Files</Filter>
    </ClCompile>
    <ClCompile Include="CBCashOut.cpp">
      <Filter>Source Files</Filter>
    </ClCompile>
    <ClCompile Include="CBEftBal.cpp">
      <Filter>Source Files</Filter>
    </ClCompile>
    <ClCompile Include="CBEftCV.cpp">
      <Filter>Source Files</Filter>
    </ClCompile>
    <ClCompile Include="CBEftDeposit.cpp">
      <Filter>Source Files</Filter>
    </ClCompile>
    <ClCompile Include="CBEftErr.cpp">
      <Filter>Source Files</Filter>
    </ClCompile>
    <ClCompile Include="CBEftFund.cpp">
      <Filter>Source Files</Filter>
    </ClCompile>
    <ClCompile Include="CBEftSts.cpp">
      <Filter>Source Files</Filter>
    </ClCompile>
    <ClCompile Include="CBEftWith.cpp">
      <Filter>Source Files</Filter>
    </ClCompile>
    <ClCompile Include="CBLogger.cpp">
      <Filter>Source Files</Filter>
    </ClCompile>
    <ClCompile Include="CBrdt.cpp">
      <Filter>Source Files</Filter>
    </ClCompile>
    <ClCompile Include="CBRelease.cpp">
      <Filter>Source Files</Filter>
    </ClCompile>
  </ItemGroup>
  <ItemGroup>
    <ResourceCompile Include="Resource.rc">
      <Filter>Resource Files</Filter>
    </ResourceCompile>
  </ItemGroup>
  <ItemGroup>
    <None Include="CopyToAppSetup.bat">
      <Filter>Source Files</Filter>
    </None>
  </ItemGroup>
</Project>