<?xml version="1.0" encoding="utf-8"?>
<Project ToolsVersion="4.0" xmlns="http://schemas.microsoft.com/developer/msbuild/2003">
  <ItemGroup>
    <Filter Include="Source Files">
      <UniqueIdentifier>{4FC737F1-C7A5-4376-A066-2A32D752A2FF}</UniqueIdentifier>
      <Extensions>cpp;c;cc;cxx;def;odl;idl;hpj;bat;asm;asmx</Extensions>
    </Filter>
    <Filter Include="Header Files">
      <UniqueIdentifier>{93995380-89BD-4b04-88EB-625FBE52EBFB}</UniqueIdentifier>
      <Extensions>h;hh;hpp;hxx;hm;inl;inc;xsd</Extensions>
    </Filter>
    <Filter Include="Resource Files">
      <UniqueIdentifier>{67DA6AB6-F800-4c08-8B7A-83BB121AAD01}</UniqueIdentifier>
      <Extensions>rc;ico;cur;bmp;dlg;rc2;rct;bin;rgs;gif;jpg;jpeg;jpe;resx;tiff;tif;png;wav;mfcribbon-ms</Extensions>
    </Filter>
  </ItemGroup>
  <ItemGroup>
    <ClInclude Include="aadef.h">
      <Filter>Header Files</Filter>
    </ClInclude>
    <ClInclude Include="ABCancel.h">
      <Filter>Header Files</Filter>
    </ClInclude>
    <ClInclude Include="ABLogger.h">
      <Filter>Header Files</Filter>
    </ClInclude>
    <ClInclude Include="ABMsgDef.h">
      <Filter>Header Files</Filter>
    </ClInclude>
    <ClInclude Include="ABMsgTranslator.h">
      <Filter>Header Files</Filter>
    </ClInclude>
    <ClInclude Include="abpoldef.h">
      <Filter>Header Files</Filter>
    </ClInclude>
    <ClInclude Include="ABRace.h">
      <Filter>Header Files</Filter>
    </ClInclude>
    <ClInclude Include="ABSBSelBitmap.h">
      <Filter>Header Files</Filter>
    </ClInclude>
    <ClInclude Include="ABSystem.h">
      <Filter>Header Files</Filter>
    </ClInclude>
    <ClInclude Include="acudef.h">
      <Filter>Header Files</Filter>
    </ClInclude>
    <ClInclude Include="afmvar.h">
      <Filter>Header Files</Filter>
    </ClInclude>
    <ClInclude Include="AllABMsg.h">
      <Filter>Header Files</Filter>
    </ClInclude>
    <ClInclude Include="bcsdef.h">
      <Filter>Header Files</Filter>
    </ClInclude>
    <ClInclude Include="BCSGENDEF.H">
      <Filter>Header Files</Filter>
    </ClInclude>
    <ClInclude Include="BDGWCMSGDEF.H">
      <Filter>Header Files</Filter>
    </ClInclude>
    <ClInclude Include="betdef.h">
      <Filter>Header Files</Filter>
    </ClInclude>
    <ClInclude Include="bettypdef.h">
      <Filter>Header Files</Filter>
    </ClInclude>
    <ClInclude Include="bstypedef.h">
      <Filter>Header Files</Filter>
    </ClInclude>
    <ClInclude Include="ckpdef.h">
      <Filter>Header Files</Filter>
    </ClInclude>
    <ClInclude Include="DeSelMap.h">
      <Filter>Header Files</Filter>
    </ClInclude>
    <ClInclude Include="DREFDEF.H">
      <Filter>Header Files</Filter>
    </ClInclude>
    <ClInclude Include="eodtrndef.h">
      <Filter>Header Files</Filter>
    </ClInclude>
    <ClInclude Include="ExtractMgr.h">
      <Filter>Header Files</Filter>
    </ClInclude>
    <ClInclude Include="fcbdef.h">
      <Filter>Header Files</Filter>
    </ClInclude>
    <ClInclude Include="JCLogger.h">
      <Filter>Header Files</Filter>
    </ClInclude>
    <ClInclude Include="JCSystem.h">
      <Filter>Header Files</Filter>
    </ClInclude>
    <ClInclude Include="LOGATDEF.H">
      <Filter>Header Files</Filter>
    </ClInclude>
    <ClInclude Include="LOGBTDEF.H">
      <Filter>Header Files</Filter>
    </ClInclude>
    <ClInclude Include="LOGDEF.H">
      <Filter>Header Files</Filter>
    </ClInclude>
    <ClInclude Include="LOGDEF_AB.H">
      <Filter>Header Files</Filter>
    </ClInclude>
    <ClInclude Include="LOGEFTDEF.H">
      <Filter>Header Files</Filter>
    </ClInclude>
    <ClInclude Include="lotdef.h">
      <Filter>Header Files</Filter>
    </ClInclude>
    <ClInclude Include="main.h">
      <Filter>Header Files</Filter>
    </ClInclude>
    <ClInclude Include="MsgTranslator.h">
      <Filter>Header Files</Filter>
    </ClInclude>
    <ClInclude Include="O_MAILDEF.H">
      <Filter>Header Files</Filter>
    </ClInclude>
    <ClInclude Include="PoolType.h">
      <Filter>Header Files</Filter>
    </ClInclude>
    <ClInclude Include="rdsdef.h">
      <Filter>Header Files</Filter>
    </ClInclude>
    <ClInclude Include="sbdef.h">
      <Filter>Header Files</Filter>
    </ClInclude>
    <ClInclude Include="SBLOGATDEF.H">
      <Filter>Header Files</Filter>
    </ClInclude>
    <ClInclude Include="SBLOGDEF.H">
      <Filter>Header Files</Filter>
    </ClInclude>
    <ClInclude Include="SimpleSbcDef.h">
      <Filter>Header Files</Filter>
    </ClInclude>
    <ClInclude Include="StdAfx.h">
      <Filter>Header Files</Filter>
    </ClInclude>
    <ClInclude Include="TBAccount.h">
      <Filter>Header Files</Filter>
    </ClInclude>
    <ClInclude Include="udtypedef.h">
      <Filter>Header Files</Filter>
    </ClInclude>
    <ClInclude Include="WCMSGDEF.H">
      <Filter>Header Files</Filter>
    </ClInclude>
    <ClInclude Include="commdef.h">
      <Filter>Header Files</Filter>
    </ClInclude>
    <ClInclude Include="resource.h">
      <Filter>Header Files</Filter>
    </ClInclude>
    <ClInclude Include="Storage.h">
      <Filter>Header Files</Filter>
    </ClInclude>
    <ClInclude Include="tsndef.h">
      <Filter>Header Files</Filter>
    </ClInclude>
    <ClInclude Include="rdclogdef.h">
      <Filter>Header Files</Filter>
    </ClInclude>
  </ItemGroup>
  <ItemGroup>
    <ClCompile Include="JCLogger.cpp">
      <Filter>Source Files</Filter>
    </ClCompile>
    <ClCompile Include="ABSystem.cpp">
      <Filter>Source Files</Filter>
    </ClCompile>
    <ClCompile Include="DllExport.cpp">
      <Filter>Source Files</Filter>
    </ClCompile>
    <ClCompile Include="ExtractMgr.cpp">
      <Filter>Source Files</Filter>
    </ClCompile>
    <ClCompile Include="ABMsgTranslator.cpp">
      <Filter>Source Files</Filter>
    </ClCompile>
    <ClCompile Include="ABLogger.cpp">
      <Filter>Source Files</Filter>
    </ClCompile>
    <ClCompile Include="JCSystem.cpp">
      <Filter>Source Files</Filter>
    </ClCompile>
    <ClCompile Include="TBAccount.Cpp">
      <Filter>Source Files</Filter>
    </ClCompile>
    <ClCompile Include="MsgTranslator.cpp">
      <Filter>Source Files</Filter>
    </ClCompile>
    <ClCompile Include="ABRace.cpp">
      <Filter>Source Files</Filter>
    </ClCompile>
    <ClCompile Include="ABCancel.cpp">
      <Filter>Source Files</Filter>
    </ClCompile>
    <ClCompile Include="DeSelMap.cpp">
      <Filter>Source Files</Filter>
    </ClCompile>
    <ClCompile Include="StdAfx.cpp">
      <Filter>Source Files</Filter>
    </ClCompile>
    <ClCompile Include="Storage.cpp">
      <Filter>Source Files</Filter>
    </ClCompile>
  </ItemGroup>
  <ItemGroup>
    <ResourceCompile Include="Resource.rc">
      <Filter>Resource Files</Filter>
    </ResourceCompile>
  </ItemGroup>
</Project>