
Microsoft Visual Studio Solution File, Format Version 12.00
# Blend for Visual Studio 14
VisualStudioVersion = 14.0.25420.1
MinimumVisualStudioVersion = 10.0.40219.1
Project("{FAE04EC0-301F-11D3-BF4B-00C04F79EFBC}") = "CSharpDemo", "CSharpDemo.csproj", "{8690045C-54E8-4879-BEFF-CCAB88DE8A25}"
EndProject
Project("{FAE04EC0-301F-11D3-BF4B-00C04F79EFBC}") = "DecoderTest", "..\DecoderTest\DecoderTest.csproj", "{028A259A-A1D1-46AB-9710-168B0C1BDDE4}"
EndProject
Project("{FAE04EC0-301F-11D3-BF4B-00C04F79EFBC}") = "ErrorMonitor", "ErrorMonitor\ErrorMonitor.csproj", "{CA4502A7-1E5F-4F73-A25B-2A37E2CC42FF}"
EndProject
Global
	GlobalSection(SolutionConfigurationPlatforms) = preSolution
		Debug|Any CPU = Debug|Any CPU
		Debug|x64 = Debug|x64
		Debug|x86 = Debug|x86
		Release|Any CPU = Release|Any CPU
		Release|x64 = Release|x64
		Release|x86 = Release|x86
	EndGlobalSection
	GlobalSection(ProjectConfigurationPlatforms) = postSolution
		{8690045C-54E8-4879-BEFF-CCAB88DE8A25}.Debug|Any CPU.ActiveCfg = Debug|x64
		{8690045C-54E8-4879-BEFF-CCAB88DE8A25}.Debug|x64.ActiveCfg = Debug|x64
		{8690045C-54E8-4879-BEFF-CCAB88DE8A25}.Debug|x64.Build.0 = Debug|x64
		{8690045C-54E8-4879-BEFF-CCAB88DE8A25}.Debug|x86.ActiveCfg = Debug|x86
		{8690045C-54E8-4879-BEFF-CCAB88DE8A25}.Debug|x86.Build.0 = Debug|x86
		{8690045C-54E8-4879-BEFF-CCAB88DE8A25}.Release|Any CPU.ActiveCfg = Release|x86
		{8690045C-54E8-4879-BEFF-CCAB88DE8A25}.Release|x64.ActiveCfg = Release|x64
		{8690045C-54E8-4879-BEFF-CCAB88DE8A25}.Release|x64.Build.0 = Release|x64
		{8690045C-54E8-4879-BEFF-CCAB88DE8A25}.Release|x86.ActiveCfg = Release|x86
		{8690045C-54E8-4879-BEFF-CCAB88DE8A25}.Release|x86.Build.0 = Release|x86
		{028A259A-A1D1-46AB-9710-168B0C1BDDE4}.Debug|Any CPU.ActiveCfg = Debug|Any CPU
		{028A259A-A1D1-46AB-9710-168B0C1BDDE4}.Debug|Any CPU.Build.0 = Debug|Any CPU
		{028A259A-A1D1-46AB-9710-168B0C1BDDE4}.Debug|x64.ActiveCfg = Debug|x64
		{028A259A-A1D1-46AB-9710-168B0C1BDDE4}.Debug|x64.Build.0 = Debug|x64
		{028A259A-A1D1-46AB-9710-168B0C1BDDE4}.Debug|x86.ActiveCfg = Debug|Any CPU
		{028A259A-A1D1-46AB-9710-168B0C1BDDE4}.Debug|x86.Build.0 = Debug|Any CPU
		{028A259A-A1D1-46AB-9710-168B0C1BDDE4}.Release|Any CPU.ActiveCfg = Release|Any CPU
		{028A259A-A1D1-46AB-9710-168B0C1BDDE4}.Release|Any CPU.Build.0 = Release|Any CPU
		{028A259A-A1D1-46AB-9710-168B0C1BDDE4}.Release|x64.ActiveCfg = Release|x64
		{028A259A-A1D1-46AB-9710-168B0C1BDDE4}.Release|x64.Build.0 = Release|x64
		{028A259A-A1D1-46AB-9710-168B0C1BDDE4}.Release|x86.ActiveCfg = Release|Any CPU
		{028A259A-A1D1-46AB-9710-168B0C1BDDE4}.Release|x86.Build.0 = Release|Any CPU
		{CA4502A7-1E5F-4F73-A25B-2A37E2CC42FF}.Debug|Any CPU.ActiveCfg = Debug|Any CPU
		{CA4502A7-1E5F-4F73-A25B-2A37E2CC42FF}.Debug|Any CPU.Build.0 = Debug|Any CPU
		{CA4502A7-1E5F-4F73-A25B-2A37E2CC42FF}.Debug|x64.ActiveCfg = Debug|x64
		{CA4502A7-1E5F-4F73-A25B-2A37E2CC42FF}.Debug|x64.Build.0 = Debug|x64
		{CA4502A7-1E5F-4F73-A25B-2A37E2CC42FF}.Debug|x86.ActiveCfg = Debug|Any CPU
		{CA4502A7-1E5F-4F73-A25B-2A37E2CC42FF}.Debug|x86.Build.0 = Debug|Any CPU
		{CA4502A7-1E5F-4F73-A25B-2A37E2CC42FF}.Release|Any CPU.ActiveCfg = Release|Any CPU
		{CA4502A7-1E5F-4F73-A25B-2A37E2CC42FF}.Release|Any CPU.Build.0 = Release|Any CPU
		{CA4502A7-1E5F-4F73-A25B-2A37E2CC42FF}.Release|x64.ActiveCfg = Release|x64
		{CA4502A7-1E5F-4F73-A25B-2A37E2CC42FF}.Release|x64.Build.0 = Release|x64
		{CA4502A7-1E5F-4F73-A25B-2A37E2CC42FF}.Release|x86.ActiveCfg = Release|Any CPU
		{CA4502A7-1E5F-4F73-A25B-2A37E2CC42FF}.Release|x86.Build.0 = Release|Any CPU
	EndGlobalSection
	GlobalSection(SolutionProperties) = preSolution
		HideSolutionNode = FALSE
	EndGlobalSection
EndGlobal
