<?xml version="1.0" encoding="utf-8"?>
<Project ToolsVersion="4.0" xmlns="http://schemas.microsoft.com/developer/msbuild/2003">
  <ItemGroup>
    <Filter Include="Source Files">
      <UniqueIdentifier>{4FC737F1-C7A5-4376-A066-2A32D752A2FF}</UniqueIdentifier>
      <Extensions>cpp;c;cc;cxx;def;odl;idl;hpj;bat;asm;asmx</Extensions>
    </Filter>
    <Filter Include="Header Files">
      <UniqueIdentifier>{93995380-89BD-4b04-88EB-625FBE52EBFB}</UniqueIdentifier>
      <Extensions>h;hh;hpp;hxx;hm;inl;inc;xsd</Extensions>
    </Filter>
    <Filter Include="Resource Files">
      <UniqueIdentifier>{67DA6AB6-F800-4c08-8B7A-83BB121AAD01}</UniqueIdentifier>
      <Extensions>rc;ico;cur;bmp;dlg;rc2;rct;bin;rgs;gif;jpg;jpeg;jpe;resx;tiff;tif;png;wav;mfcribbon-ms</Extensions>
    </Filter>
  </ItemGroup>
  <ItemGroup>
    <ClInclude Include="aadef.h">
      <Filter>Header Files</Filter>
    </ClInclude>
    <ClInclude Include="ABAcctAccess.h">
      <Filter>Header Files</Filter>
    </ClInclude>
    <ClInclude Include="ABAcctClose.h">
      <Filter>Header Files</Filter>
    </ClInclude>
    <ClInclude Include="ABAcctDetail.h">
      <Filter>Header Files</Filter>
    </ClInclude>
    <ClInclude Include="ABAcctDetailNew.h">
      <Filter>Header Files</Filter>
    </ClInclude>
    <ClInclude Include="ABAcctOpen.h">
      <Filter>Header Files</Filter>
    </ClInclude>
    <ClInclude Include="ABAcctOpenNew.h">
      <Filter>Header Files</Filter>
    </ClInclude>
    <ClInclude Include="ABAcctRelease.h">
      <Filter>Header Files</Filter>
    </ClInclude>
    <ClInclude Include="ABBatchDep.h">
      <Filter>Header Files</Filter>
    </ClInclude>
    <ClInclude Include="ABCallTransfer.h">
      <Filter>Header Files</Filter>
    </ClInclude>
    <ClInclude Include="ABCancel.h">
      <Filter>Header Files</Filter>
    </ClInclude>
    <ClInclude Include="ABCardReplace.h">
      <Filter>Header Files</Filter>
    </ClInclude>
    <ClInclude Include="ABCitCancel.h">
      <Filter>Header Files</Filter>
    </ClInclude>
    <ClInclude Include="ABCitIssue.h">
      <Filter>Header Files</Filter>
    </ClInclude>
    <ClInclude Include="ABCitReplace.h">
      <Filter>Header Files</Filter>
    </ClInclude>
    <ClInclude Include="ABCscBalance.h">
      <Filter>Header Files</Filter>
    </ClInclude>
    <ClInclude Include="ABCscIssue.h">
      <Filter>Header Files</Filter>
    </ClInclude>
    <ClInclude Include="ABCscReplace.h">
      <Filter>Header Files</Filter>
    </ClInclude>
    <ClInclude Include="ABCscReturn.h">
      <Filter>Header Files</Filter>
    </ClInclude>
    <ClInclude Include="ABDeposit.h">
      <Filter>Header Files</Filter>
    </ClInclude>
    <ClInclude Include="ABDrCrAdjust.h">
      <Filter>Header Files</Filter>
    </ClInclude>
    <ClInclude Include="ABEftAccAct.h">
      <Filter>Header Files</Filter>
    </ClInclude>
    <ClInclude Include="ABEftAcctBal.h">
      <Filter>Header Files</Filter>
    </ClInclude>
    <ClInclude Include="ABEftCvIssue.h">
      <Filter>Header Files</Filter>
    </ClInclude>
    <ClInclude Include="ABEftErt.h">
      <Filter>Header Files</Filter>
    </ClInclude>
    <ClInclude Include="ABEftMisc.h">
      <Filter>Header Files</Filter>
    </ClInclude>
    <ClInclude Include="ABEodCanLotSI.h">
      <Filter>Header Files</Filter>
    </ClInclude>
    <ClInclude Include="ABEodCrAdj.h">
      <Filter>Header Files</Filter>
    </ClInclude>
    <ClInclude Include="ABEodDivFor.h">
      <Filter>Header Files</Filter>
    </ClInclude>
    <ClInclude Include="ABEodDivGen.h">
      <Filter>Header Files</Filter>
    </ClInclude>
    <ClInclude Include="ABEodLotDiv.h">
      <Filter>Header Files</Filter>
    </ClInclude>
    <ClInclude Include="ABEodRaceDiv.h">
      <Filter>Header Files</Filter>
    </ClInclude>
    <ClInclude Include="ABEodSBDiv.h">
      <Filter>Header Files</Filter>
    </ClInclude>
    <ClInclude Include="ABIssueCard.h">
      <Filter>Header Files</Filter>
    </ClInclude>
    <ClInclude Include="ABLogger.h">
      <Filter>Header Files</Filter>
    </ClInclude>
    <ClInclude Include="ABLottery.h">
      <Filter>Header Files</Filter>
    </ClInclude>
    <ClInclude Include="ABMeetingAbandon.h">
      <Filter>Header Files</Filter>
    </ClInclude>
    <ClInclude Include="ABMsgDef.h">
      <Filter>Header Files</Filter>
    </ClInclude>
    <ClInclude Include="ABMsgTranslator.h">
      <Filter>Header Files</Filter>
    </ClInclude>
    <ClInclude Include="ABPolBg.h">
      <Filter>Header Files</Filter>
    </ClInclude>
    <ClInclude Include="abpoldef.h">
      <Filter>Header Files</Filter>
    </ClInclude>
    <ClInclude Include="ABPolDrCrAdj.h">
      <Filter>Header Files</Filter>
    </ClInclude>
    <ClInclude Include="ABPolLotterySI.h">
      <Filter>Header Files</Filter>
    </ClInclude>
    <ClInclude Include="ABPolLoyalty.h">
      <Filter>Header Files</Filter>
    </ClInclude>
    <ClInclude Include="ABPolWtwSI.h">
      <Filter>Header Files</Filter>
    </ClInclude>
    <ClInclude Include="ABPoolRefund.h">
      <Filter>Header Files</Filter>
    </ClInclude>
    <ClInclude Include="ABPoolStartPay.h">
      <Filter>Header Files</Filter>
    </ClInclude>
    <ClInclude Include="ABRace.h">
      <Filter>Header Files</Filter>
    </ClInclude>
    <ClInclude Include="ABRaceClose.h">
      <Filter>Header Files</Filter>
    </ClInclude>
    <ClInclude Include="ABRecall.h">
      <Filter>Header Files</Filter>
    </ClInclude>
    <ClInclude Include="ABReturnCard.h">
      <Filter>Header Files</Filter>
    </ClInclude>
    <ClInclude Include="ABRevCanDep.h">
      <Filter>Header Files</Filter>
    </ClInclude>
    <ClInclude Include="ABRevDeposit.h">
      <Filter>Header Files</Filter>
    </ClInclude>
    <ClInclude Include="ABSBBet.h">
      <Filter>Header Files</Filter>
    </ClInclude>
    <ClInclude Include="ABSbcPoolDef.h">
      <Filter>Header Files</Filter>
    </ClInclude>
    <ClInclude Include="ABSBSelBitmap.h">
      <Filter>Header Files</Filter>
    </ClInclude>
    <ClInclude Include="ABSignOff.h">
      <Filter>Header Files</Filter>
    </ClInclude>
    <ClInclude Include="ABSignOn.h">
      <Filter>Header Files</Filter>
    </ClInclude>
    <ClInclude Include="ABSmsCharge.h">
      <Filter>Header Files</Filter>
    </ClInclude>
    <ClInclude Include="ABStatCharge.h">
      <Filter>Header Files</Filter>
    </ClInclude>
    <ClInclude Include="ABSystem.h">
      <Filter>Header Files</Filter>
    </ClInclude>
    <ClInclude Include="ABSystemClose.h">
      <Filter>Header Files</Filter>
    </ClInclude>
    <ClInclude Include="ABTerminateBet.h">
      <Filter>Header Files</Filter>
    </ClInclude>
    <ClInclude Include="ABTextDB.h">
      <Filter>Header Files</Filter>
    </ClInclude>
    <ClInclude Include="ABTxnEnquiry.h">
      <Filter>Header Files</Filter>
    </ClInclude>
    <ClInclude Include="ABWithDraw.h">
      <Filter>Header Files</Filter>
    </ClInclude>
    <ClInclude Include="acudef.h">
      <Filter>Header Files</Filter>
    </ClInclude>
    <ClInclude Include="afmvar.h">
      <Filter>Header Files</Filter>
    </ClInclude>
    <ClInclude Include="AllABMsg.h">
      <Filter>Header Files</Filter>
    </ClInclude>
    <ClInclude Include="bcsdef.h">
      <Filter>Header Files</Filter>
    </ClInclude>
    <ClInclude Include="BCSGENDEF.H">
      <Filter>Header Files</Filter>
    </ClInclude>
    <ClInclude Include="BDGWCMSGDEF.H">
      <Filter>Header Files</Filter>
    </ClInclude>
    <ClInclude Include="betdef - Copy.h">
      <Filter>Header Files</Filter>
    </ClInclude>
    <ClInclude Include="betdef.h">
      <Filter>Header Files</Filter>
    </ClInclude>
    <ClInclude Include="bettypdef.h">
      <Filter>Header Files</Filter>
    </ClInclude>
    <ClInclude Include="bstypedef.h">
      <Filter>Header Files</Filter>
    </ClInclude>
    <ClInclude Include="ckpdef.h">
      <Filter>Header Files</Filter>
    </ClInclude>
    <ClInclude Include="DeSelMap.h">
      <Filter>Header Files</Filter>
    </ClInclude>
    <ClInclude Include="DllExport.h">
      <Filter>Header Files</Filter>
    </ClInclude>
    <ClInclude Include="DREFDEF.H">
      <Filter>Header Files</Filter>
    </ClInclude>
    <ClInclude Include="eodtrndef.h">
      <Filter>Header Files</Filter>
    </ClInclude>
    <ClInclude Include="ExtractMgr.h">
      <Filter>Header Files</Filter>
    </ClInclude>
    <ClInclude Include="fcbdef.h">
      <Filter>Header Files</Filter>
    </ClInclude>
    <ClInclude Include="JCLogger.h">
      <Filter>Header Files</Filter>
    </ClInclude>
    <ClInclude Include="JCSystem.h">
      <Filter>Header Files</Filter>
    </ClInclude>
    <ClInclude Include="LOGATDEF.H">
      <Filter>Header Files</Filter>
    </ClInclude>
    <ClInclude Include="LOGBTDEF.H">
      <Filter>Header Files</Filter>
    </ClInclude>
    <ClInclude Include="LOGCOMDEF.H">
      <Filter>Header Files</Filter>
    </ClInclude>
    <ClInclude Include="LOGDEF.H">
      <Filter>Header Files</Filter>
    </ClInclude>
    <ClInclude Include="LOGDEF_AB.H">
      <Filter>Header Files</Filter>
    </ClInclude>
    <ClInclude Include="LOGDEPDEF.H">
      <Filter>Header Files</Filter>
    </ClInclude>
    <ClInclude Include="LOGEFTDEF.H">
      <Filter>Header Files</Filter>
    </ClInclude>
    <ClInclude Include="LOGHDRDEF.H">
      <Filter>Header Files</Filter>
    </ClInclude>
    <ClInclude Include="LOGOTHDEF.H">
      <Filter>Header Files</Filter>
    </ClInclude>
    <ClInclude Include="LOGRDCDEF.H">
      <Filter>Header Files</Filter>
    </ClInclude>
    <ClInclude Include="LOGSBCDEF.H">
      <Filter>Header Files</Filter>
    </ClInclude>
    <ClInclude Include="lotdef.h">
      <Filter>Header Files</Filter>
    </ClInclude>
    <ClInclude Include="main.h">
      <Filter>Header Files</Filter>
    </ClInclude>
    <ClInclude Include="MsgTranslator.h">
      <Filter>Header Files</Filter>
    </ClInclude>
    <ClInclude Include="O_MAILDEF.H">
      <Filter>Header Files</Filter>
    </ClInclude>
    <ClInclude Include="PoolType.h">
      <Filter>Header Files</Filter>
    </ClInclude>
    <ClInclude Include="rdsdef.h">
      <Filter>Header Files</Filter>
    </ClInclude>
    <ClInclude Include="sbdef.h">
      <Filter>Header Files</Filter>
    </ClInclude>
    <ClInclude Include="SBLOGATDEF.H">
      <Filter>Header Files</Filter>
    </ClInclude>
    <ClInclude Include="SBLOGDEF.H">
      <Filter>Header Files</Filter>
    </ClInclude>
    <ClInclude Include="SimpleSbcDef.h">
      <Filter>Header Files</Filter>
    </ClInclude>
    <ClInclude Include="StdAfx.h">
      <Filter>Header Files</Filter>
    </ClInclude>
    <ClInclude Include="Storage.h">
      <Filter>Header Files</Filter>
    </ClInclude>
    <ClInclude Include="TBAccount.h">
      <Filter>Header Files</Filter>
    </ClInclude>
    <ClInclude Include="TextDB.h">
      <Filter>Header Files</Filter>
    </ClInclude>
    <ClInclude Include="udtypedef.h">
      <Filter>Header Files</Filter>
    </ClInclude>
    <ClInclude Include="WCMSGDEF.H">
      <Filter>Header Files</Filter>
    </ClInclude>
    <ClInclude Include="xxbetdef.h">
      <Filter>Header Files</Filter>
    </ClInclude>
    <ClInclude Include="commdef.h">
      <Filter>Header Files</Filter>
    </ClInclude>
    <ClInclude Include="resource.h">
      <Filter>Header Files</Filter>
    </ClInclude>
  </ItemGroup>
  <ItemGroup>
    <ClCompile Include="TextDB.cpp">
      <Filter>Source Files</Filter>
    </ClCompile>
    <ClCompile Include="JCLogger.cpp">
      <Filter>Source Files</Filter>
    </ClCompile>
    <ClCompile Include="ABSystem.cpp">
      <Filter>Source Files</Filter>
    </ClCompile>
    <ClCompile Include="DllExport.cpp">
      <Filter>Source Files</Filter>
    </ClCompile>
    <ClCompile Include="ExtractMgr.cpp">
      <Filter>Source Files</Filter>
    </ClCompile>
    <ClCompile Include="ABMsgTranslator.cpp">
      <Filter>Source Files</Filter>
    </ClCompile>
    <ClCompile Include="ABLogger.cpp">
      <Filter>Source Files</Filter>
    </ClCompile>
    <ClCompile Include="JCSystem.cpp">
      <Filter>Source Files</Filter>
    </ClCompile>
    <ClCompile Include="ABSBBet.cpp">
      <Filter>Source Files</Filter>
    </ClCompile>
    <ClCompile Include="TBAccount.Cpp">
      <Filter>Source Files</Filter>
    </ClCompile>
    <ClCompile Include="ABTextDB.Cpp">
      <Filter>Source Files</Filter>
    </ClCompile>
    <ClCompile Include="MsgTranslator.cpp">
      <Filter>Source Files</Filter>
    </ClCompile>
    <ClCompile Include="ABSbcPoolDef.cpp">
      <Filter>Source Files</Filter>
    </ClCompile>
    <ClCompile Include="ABPoolStartPay.cpp">
      <Filter>Source Files</Filter>
    </ClCompile>
    <ClCompile Include="ABPoolRefund.cpp">
      <Filter>Source Files</Filter>
    </ClCompile>
    <ClCompile Include="ABMeetingAbandon.cpp">
      <Filter>Source Files</Filter>
    </ClCompile>
    <ClCompile Include="ABCscBalance.cpp">
      <Filter>Source Files</Filter>
    </ClCompile>
    <ClCompile Include="ABCscIssue.cpp">
      <Filter>Source Files</Filter>
    </ClCompile>
    <ClCompile Include="ABCscReplace.cpp">
      <Filter>Source Files</Filter>
    </ClCompile>
    <ClCompile Include="ABTxnEnquiry.cpp">
      <Filter>Source Files</Filter>
    </ClCompile>
    <ClCompile Include="ABTerminateBet.cpp">
      <Filter>Source Files</Filter>
    </ClCompile>
    <ClCompile Include="ABSystemClose.cpp">
      <Filter>Source Files</Filter>
    </ClCompile>
    <ClCompile Include="ABStatCharge.cpp">
      <Filter>Source Files</Filter>
    </ClCompile>
    <ClCompile Include="ABSmsCharge.cpp">
      <Filter>Source Files</Filter>
    </ClCompile>
    <ClCompile Include="ABSignOn.cpp">
      <Filter>Source Files</Filter>
    </ClCompile>
    <ClCompile Include="ABSignOff.cpp">
      <Filter>Source Files</Filter>
    </ClCompile>
    <ClCompile Include="ABRevDeposit.cpp">
      <Filter>Source Files</Filter>
    </ClCompile>
    <ClCompile Include="ABRevCanDep.cpp">
      <Filter>Source Files</Filter>
    </ClCompile>
    <ClCompile Include="ABReturnCard.cpp">
      <Filter>Source Files</Filter>
    </ClCompile>
    <ClCompile Include="ABRecall.cpp">
      <Filter>Source Files</Filter>
    </ClCompile>
    <ClCompile Include="ABRace.cpp">
      <Filter>Source Files</Filter>
    </ClCompile>
    <ClCompile Include="ABPolWtwSI.cpp">
      <Filter>Source Files</Filter>
    </ClCompile>
    <ClCompile Include="ABPolLoyalty.cpp">
      <Filter>Source Files</Filter>
    </ClCompile>
    <ClCompile Include="ABPolLotterySI.cpp">
      <Filter>Source Files</Filter>
    </ClCompile>
    <ClCompile Include="ABPolDrCrAdj.cpp">
      <Filter>Source Files</Filter>
    </ClCompile>
    <ClCompile Include="ABPolBg.cpp">
      <Filter>Source Files</Filter>
    </ClCompile>
    <ClCompile Include="ABLottery.cpp">
      <Filter>Source Files</Filter>
    </ClCompile>
    <ClCompile Include="ABIssueCard.cpp">
      <Filter>Source Files</Filter>
    </ClCompile>
    <ClCompile Include="ABEodSBDiv.cpp">
      <Filter>Source Files</Filter>
    </ClCompile>
    <ClCompile Include="ABEodRaceDiv.cpp">
      <Filter>Source Files</Filter>
    </ClCompile>
    <ClCompile Include="ABEodLotDiv.cpp">
      <Filter>Source Files</Filter>
    </ClCompile>
    <ClCompile Include="ABEodDivFor.cpp">
      <Filter>Source Files</Filter>
    </ClCompile>
    <ClCompile Include="ABEodCrAdj.cpp">
      <Filter>Source Files</Filter>
    </ClCompile>
    <ClCompile Include="ABEodCanLotSI.cpp">
      <Filter>Source Files</Filter>
    </ClCompile>
    <ClCompile Include="ABEftMisc.cpp">
      <Filter>Source Files</Filter>
    </ClCompile>
    <ClCompile Include="ABEftErt.cpp">
      <Filter>Source Files</Filter>
    </ClCompile>
    <ClCompile Include="ABEftCvIssue.cpp">
      <Filter>Source Files</Filter>
    </ClCompile>
    <ClCompile Include="ABEftAcctBal.cpp">
      <Filter>Source Files</Filter>
    </ClCompile>
    <ClCompile Include="ABEftAccAct.cpp">
      <Filter>Source Files</Filter>
    </ClCompile>
    <ClCompile Include="ABDrCrAdjust.cpp">
      <Filter>Source Files</Filter>
    </ClCompile>
    <ClCompile Include="ABDeposit.cpp">
      <Filter>Source Files</Filter>
    </ClCompile>
    <ClCompile Include="ABCscReturn.cpp">
      <Filter>Source Files</Filter>
    </ClCompile>
    <ClCompile Include="ABCitReplace.cpp">
      <Filter>Source Files</Filter>
    </ClCompile>
    <ClCompile Include="ABCitIssue.cpp">
      <Filter>Source Files</Filter>
    </ClCompile>
    <ClCompile Include="ABCitCancel.cpp">
      <Filter>Source Files</Filter>
    </ClCompile>
    <ClCompile Include="ABCardReplace.cpp">
      <Filter>Source Files</Filter>
    </ClCompile>
    <ClCompile Include="ABCancel.cpp">
      <Filter>Source Files</Filter>
    </ClCompile>
    <ClCompile Include="ABCallTransfer.cpp">
      <Filter>Source Files</Filter>
    </ClCompile>
    <ClCompile Include="ABBatchDep.cpp">
      <Filter>Source Files</Filter>
    </ClCompile>
    <ClCompile Include="ABAcctRelease.cpp">
      <Filter>Source Files</Filter>
    </ClCompile>
    <ClCompile Include="ABAcctOpenNew.cpp">
      <Filter>Source Files</Filter>
    </ClCompile>
    <ClCompile Include="ABAcctOpen.cpp">
      <Filter>Source Files</Filter>
    </ClCompile>
    <ClCompile Include="ABAcctDetailNew.cpp">
      <Filter>Source Files</Filter>
    </ClCompile>
    <ClCompile Include="ABAcctDetail.cpp">
      <Filter>Source Files</Filter>
    </ClCompile>
    <ClCompile Include="ABAcctClose.cpp">
      <Filter>Source Files</Filter>
    </ClCompile>
    <ClCompile Include="ABAcctAccess.cpp">
      <Filter>Source Files</Filter>
    </ClCompile>
    <ClCompile Include="ABWithDraw.cpp">
      <Filter>Source Files</Filter>
    </ClCompile>
    <ClCompile Include="Storage.cpp">
      <Filter>Source Files</Filter>
    </ClCompile>
    <ClCompile Include="ABSBSelBitmap.cpp">
      <Filter>Source Files</Filter>
    </ClCompile>
    <ClCompile Include="DeSelMap.cpp">
      <Filter>Source Files</Filter>
    </ClCompile>
    <ClCompile Include="StdAfx.cpp">
      <Filter>Source Files</Filter>
    </ClCompile>
  </ItemGroup>
  <ItemGroup>
    <ResourceCompile Include="Resource.rc">
      <Filter>Resource Files</Filter>
    </ResourceCompile>
  </ItemGroup>
  <ItemGroup>
    <None Include="CopyToAppSetup.bat">
      <Filter>Source Files</Filter>
    </None>
  </ItemGroup>
</Project>